
Microsoft Visual Studio Solution File, Format Version 12.00
# Visual Studio Version 16
VisualStudioVersion = 16.0.30503.244
MinimumVisualStudioVersion = 10.0.40219.1
Project("{FAE04EC0-301F-11D3-BF4B-00C04F79EFBC}") = "CianTest", "CianTest\CianTest.csproj", "{2C32E9EC-3F58-4B65-B175-291F64FE1103}"
EndProject
Global
	GlobalSection(SolutionConfigurationPlatforms) = preSolution
		Debug|Any CPU = Debug|Any CPU
		Release|Any CPU = Release|Any CPU
	EndGlobalSection
	GlobalSection(ProjectConfigurationPlatforms) = postSolution
		{2C32E9EC-3F58-4B65-B175-291F64FE1103}.Debug|Any CPU.ActiveCfg = Debug|Any CPU
		{2C32E9EC-3F58-4B65-B175-291F64FE1103}.Debug|Any CPU.Build.0 = Debug|Any CPU
		{2C32E9EC-3F58-4B65-B175-291F64FE1103}.Release|Any CPU.ActiveCfg = Release|Any CPU
		{2C32E9EC-3F58-4B65-B175-291F64FE1103}.Release|Any CPU.Build.0 = Release|Any CPU
	EndGlobalSection
	GlobalSection(SolutionProperties) = preSolution
		HideSolutionNode = FALSE
	EndGlobalSection
	GlobalSection(ExtensibilityGlobals) = postSolution
		SolutionGuid = {806FBEA6-3041-4E8D-B28C-33DEEA979B02}
	EndGlobalSection
EndGlobal
